// !$*UTF8*$!
{
	archiveVersion = 1;
	classes = {
	};
	objectVersion = 56;
	objects = {

/* Begin PBXBuildFile section */
		BDEB2B852C179BA800F3017A /* swiftStarterApp.swift in Sources */ = {isa = PBXBuildFile; fileRef = BDEB2B842C179BA800F3017A /* swiftStarterApp.swift */; };
		BDEB2B872C179BA800F3017A /* ContentView.swift in Sources */ = {isa = PBXBuildFile; fileRef = BDEB2B862C179BA800F3017A /* ContentView.swift */; };
		BDEB2B892C179BAA00F3017A /* Assets.xcassets in Resources */ = {isa = PBXBuildFile; fileRef = BDEB2B882C179BAA00F3017A /* Assets.xcassets */; };
		BDEB2B8C2C179BAA00F3017A /* Preview Assets.xcassets in Resources */ = {isa = PBXBuildFile; fileRef = BDEB2B8B2C179BAA00F3017A /* Preview Assets.xcassets */; };
		BDEB2BAF2C18EFAC00F3017A /* Shaders.metal in Sources */ = {isa = PBXBuildFile; fileRef = BDEB2BAE2C18EFAC00F3017A /* Shaders.metal */; };
		BDEB2BB12C18F0B300F3017A /* example-swiftui-shaders.metal in Sources */ = {isa = PBXBuildFile; fileRef = BDEB2BB02C18F0B200F3017A /* example-swiftui-shaders.metal */; };
		BDEB2BB32C1A162B00F3017A /* Extensions.swift in Sources */ = {isa = PBXBuildFile; fileRef = BDEB2BB22C1A162B00F3017A /* Extensions.swift */; };
		BDEB2BB52C1A1D6B00F3017A /* CardView.swift in Sources */ = {isa = PBXBuildFile; fileRef = BDEB2BB42C1A1D6B00F3017A /* CardView.swift */; };
		BDEB2BB72C1A217800F3017A /* Card.swift in Sources */ = {isa = PBXBuildFile; fileRef = BDEB2BB62C1A217800F3017A /* Card.swift */; };
/* End PBXBuildFile section */

/* Begin PBXFileReference section */
		BDEB2B812C179BA800F3017A /* swiftStarter.app */ = {isa = PBXFileReference; explicitFileType = wrapper.application; includeInIndex = 0; path = swiftStarter.app; sourceTree = BUILT_PRODUCTS_DIR; };
		BDEB2B842C179BA800F3017A /* swiftStarterApp.swift */ = {isa = PBXFileReference; lastKnownFileType = sourcecode.swift; path = swiftStarterApp.swift; sourceTree = "<group>"; };
		BDEB2B862C179BA800F3017A /* ContentView.swift */ = {isa = PBXFileReference; lastKnownFileType = sourcecode.swift; path = ContentView.swift; sourceTree = "<group>"; };
		BDEB2B882C179BAA00F3017A /* Assets.xcassets */ = {isa = PBXFileReference; lastKnownFileType = folder.assetcatalog; path = Assets.xcassets; sourceTree = "<group>"; };
		BDEB2B8B2C179BAA00F3017A /* Preview Assets.xcassets */ = {isa = PBXFileReference; lastKnownFileType = folder.assetcatalog; path = "Preview Assets.xcassets"; sourceTree = "<group>"; };
		BDEB2BAE2C18EFAC00F3017A /* Shaders.metal */ = {isa = PBXFileReference; lastKnownFileType = sourcecode.metal; path = Shaders.metal; sourceTree = "<group>"; };
		BDEB2BB02C18F0B200F3017A /* example-swiftui-shaders.metal */ = {isa = PBXFileReference; fileEncoding = 4; lastKnownFileType = sourcecode.metal; path = "example-swiftui-shaders.metal"; sourceTree = "<group>"; };
		BDEB2BB22C1A162B00F3017A /* Extensions.swift */ = {isa = PBXFileReference; lastKnownFileType = sourcecode.swift; path = Extensions.swift; sourceTree = "<group>"; };
		BDEB2BB42C1A1D6B00F3017A /* CardView.swift */ = {isa = PBXFileReference; lastKnownFileType = sourcecode.swift; path = CardView.swift; sourceTree = "<group>"; };
		BDEB2BB62C1A217800F3017A /* Card.swift */ = {isa = PBXFileReference; lastKnownFileType = sourcecode.swift; path = Card.swift; sourceTree = "<group>"; };
/* End PBXFileReference section */

/* Begin PBXFrameworksBuildPhase section */
		BDEB2B7E2C179BA800F3017A /* Frameworks */ = {
			isa = PBXFrameworksBuildPhase;
			buildActionMask = 2147483647;
			files = (
			);
			runOnlyForDeploymentPostprocessing = 0;
		};
/* End PBXFrameworksBuildPhase section */

/* Begin PBXGroup section */
		BDEB2B782C179BA800F3017A = {
			isa = PBXGroup;
			children = (
				BDEB2B832C179BA800F3017A /* swiftStarter */,
				BDEB2B822C179BA800F3017A /* Products */,
			);
			sourceTree = "<group>";
		};
		BDEB2B822C179BA800F3017A /* Products */ = {
			isa = PBXGroup;
			children = (
				BDEB2B812C179BA800F3017A /* swiftStarter.app */,
			);
			name = Products;
			sourceTree = "<group>";
		};
		BDEB2B832C179BA800F3017A /* swiftStarter */ = {
			isa = PBXGroup;
			children = (
				BDEB2B842C179BA800F3017A /* swiftStarterApp.swift */,
				BDEB2B862C179BA800F3017A /* ContentView.swift */,
				BDEB2BB42C1A1D6B00F3017A /* CardView.swift */,
				BDEB2BB62C1A217800F3017A /* Card.swift */,
				BDEB2BB22C1A162B00F3017A /* Extensions.swift */,
				BDEB2BAE2C18EFAC00F3017A /* Shaders.metal */,
				BDEB2BB02C18F0B200F3017A /* example-swiftui-shaders.metal */,
				BDEB2B882C179BAA00F3017A /* Assets.xcassets */,
				BDEB2B8A2C179BAA00F3017A /* Preview Content */,
			);
			path = swiftStarter;
			sourceTree = "<group>";
		};
		BDEB2B8A2C179BAA00F3017A /* Preview Content */ = {
			isa = PBXGroup;
			children = (
				BDEB2B8B2C179BAA00F3017A /* Preview Assets.xcassets */,
			);
			path = "Preview Content";
			sourceTree = "<group>";
		};
/* End PBXGroup section */

/* Begin PBXNativeTarget section */
		BDEB2B802C179BA800F3017A /* swiftStarter */ = {
			isa = PBXNativeTarget;
			buildConfigurationList = BDEB2B8F2C179BAA00F3017A /* Build configuration list for PBXNativeTarget "swiftStarter" */;
			buildPhases = (
				BDEB2B7D2C179BA800F3017A /* Sources */,
				BDEB2B7E2C179BA800F3017A /* Frameworks */,
				BDEB2B7F2C179BA800F3017A /* Resources */,
			);
			buildRules = (
			);
			dependencies = (
			);
			name = swiftStarter;
			productName = swiftStarter;
			productReference = BDEB2B812C179BA800F3017A /* swiftStarter.app */;
			productType = "com.apple.product-type.application";
		};
/* End PBXNativeTarget section */

/* Begin PBXProject section */
		BDEB2B792C179BA800F3017A /* Project object */ = {
			isa = PBXProject;
			attributes = {
				BuildIndependentTargetsInParallel = 1;
				LastSwiftUpdateCheck = 1540;
				LastUpgradeCheck = 1540;
				TargetAttributes = {
					BDEB2B802C179BA800F3017A = {
						CreatedOnToolsVersion = 15.4;
					};
				};
			};
			buildConfigurationList = BDEB2B7C2C179BA800F3017A /* Build configuration list for PBXProject "swiftStarter" */;
			compatibilityVersion = "Xcode 14.0";
			developmentRegion = en;
			hasScannedForEncodings = 0;
			knownRegions = (
				en,
				Base,
			);
			mainGroup = BDEB2B782C179BA800F3017A;
			productRefGroup = BDEB2B822C179BA800F3017A /* Products */;
			projectDirPath = "";
			projectRoot = "";
			targets = (
				BDEB2B802C179BA800F3017A /* swiftStarter */,
			);
		};
/* End PBXProject section */

/* Begin PBXResourcesBuildPhase section */
		BDEB2B7F2C179BA800F3017A /* Resources */ = {
			isa = PBXResourcesBuildPhase;
			buildActionMask = 2147483647;
			files = (
				BDEB2B8C2C179BAA00F3017A /* Preview Assets.xcassets in Resources */,
				BDEB2B892C179BAA00F3017A /* Assets.xcassets in Resources */,
			);
			runOnlyForDeploymentPostprocessing = 0;
		};
/* End PBXResourcesBuildPhase section */

/* Begin PBXSourcesBuildPhase section */
		BDEB2B7D2C179BA800F3017A /* Sources */ = {
			isa = PBXSourcesBuildPhase;
			buildActionMask = 2147483647;
			files = (
				BDEB2BB32C1A162B00F3017A /* Extensions.swift in Sources */,
				BDEB2BAF2C18EFAC00F3017A /* Shaders.metal in Sources */,
				BDEB2BB72C1A217800F3017A /* Card.swift in Sources */,
				BDEB2BB12C18F0B300F3017A /* example-swiftui-shaders.metal in Sources */,
				BDEB2B872C179BA800F3017A /* ContentView.swift in Sources */,
				BDEB2BB52C1A1D6B00F3017A /* CardView.swift in Sources */,
				BDEB2B852C179BA800F3017A /* swiftStarterApp.swift in Sources */,
			);
			runOnlyForDeploymentPostprocessing = 0;
		};
/* End PBXSourcesBuildPhase section */

/* Begin XCBuildConfiguration section */
		BDEB2B8D2C179BAA00F3017A /* Debug */ = {
			isa = XCBuildConfiguration;
			buildSettings = {
				ALWAYS_SEARCH_USER_PATHS = NO;
				ASSETCATALOG_COMPILER_GENERATE_SWIFT_ASSET_SYMBOL_EXTENSIONS = YES;
				CLANG_ANALYZER_NONNULL = YES;
				CLANG_ANALYZER_NUMBER_OBJECT_CONVERSION = YES_AGGRESSIVE;
				CLANG_CXX_LANGUAGE_STANDARD = "gnu++20";
				CLANG_ENABLE_MODULES = YES;
				CLANG_ENABLE_OBJC_ARC = YES;
				CLANG_ENABLE_OBJC_WEAK = YES;
				CLANG_WARN_BLOCK_CAPTURE_AUTORELEASING = YES;
				CLANG_WARN_BOOL_CONVERSION = YES;
				CLANG_WARN_COMMA = YES;
				CLANG_WARN_CONSTANT_CONVERSION = YES;
				CLANG_WARN_DEPRECATED_OBJC_IMPLEMENTATIONS = YES;
				CLANG_WARN_DIRECT_OBJC_ISA_USAGE = YES_ERROR;
				CLANG_WARN_DOCUMENTATION_COMMENTS = YES;
				CLANG_WARN_EMPTY_BODY = YES;
				CLANG_WARN_ENUM_CONVERSION = YES;
				CLANG_WARN_INFINITE_RECURSION = YES;
				CLANG_WARN_INT_CONVERSION = YES;
				CLANG_WARN_NON_LITERAL_NULL_CONVERSION = YES;
				CLANG_WARN_OBJC_IMPLICIT_RETAIN_SELF = YES;
				CLANG_WARN_OBJC_LITERAL_CONVERSION = YES;
				CLANG_WARN_OBJC_ROOT_CLASS = YES_ERROR;
				CLANG_WARN_QUOTED_INCLUDE_IN_FRAMEWORK_HEADER = YES;
				CLANG_WARN_RANGE_LOOP_ANALYSIS = YES;
				CLANG_WARN_STRICT_PROTOTYPES = YES;
				CLANG_WARN_SUSPICIOUS_MOVE = YES;
				CLANG_WARN_UNGUARDED_AVAILABILITY = YES_AGGRESSIVE;
				CLANG_WARN_UNREACHABLE_CODE = YES;
				CLANG_WARN__DUPLICATE_METHOD_MATCH = YES;
				COPY_PHASE_STRIP = NO;
				DEBUG_INFORMATION_FORMAT = dwarf;
				ENABLE_STRICT_OBJC_MSGSEND = YES;
				ENABLE_TESTABILITY = YES;
				ENABLE_USER_SCRIPT_SANDBOXING = YES;
				GCC_C_LANGUAGE_STANDARD = gnu17;
				GCC_DYNAMIC_NO_PIC = NO;
				GCC_NO_COMMON_BLOCKS = YES;
				GCC_OPTIMIZATION_LEVEL = 0;
				GCC_PREPROCESSOR_DEFINITIONS = (
					"DEBUG=1",
					"$(inherited)",
				);
				GCC_WARN_64_TO_32_BIT_CONVERSION = YES;
				GCC_WARN_ABOUT_RETURN_TYPE = YES_ERROR;
				GCC_WARN_UNDECLARED_SELECTOR = YES;
				GCC_WARN_UNINITIALIZED_AUTOS = YES_AGGRESSIVE;
				GCC_WARN_UNUSED_FUNCTION = YES;
				GCC_WARN_UNUSED_VARIABLE = YES;
				IPHONEOS_DEPLOYMENT_TARGET = 17.5;
				LOCALIZATION_PREFERS_STRING_CATALOGS = YES;
				MTL_ENABLE_DEBUG_INFO = INCLUDE_SOURCE;
				MTL_FAST_MATH = YES;
				ONLY_ACTIVE_ARCH = YES;
				SDKROOT = iphoneos;
				SWIFT_ACTIVE_COMPILATION_CONDITIONS = "DEBUG $(inherited)";
				SWIFT_OPTIMIZATION_LEVEL = "-Onone";
			};
			name = Debug;
		};
		BDEB2B8E2C179BAA00F3017A /* Release */ = {
			isa = XCBuildConfiguration;
			buildSettings = {
				ALWAYS_SEARCH_USER_PATHS = NO;
				ASSETCATALOG_COMPILER_GENERATE_SWIFT_ASSET_SYMBOL_EXTENSIONS = YES;
				CLANG_ANALYZER_NONNULL = YES;
				CLANG_ANALYZER_NUMBER_OBJECT_CONVERSION = YES_AGGRESSIVE;
				CLANG_CXX_LANGUAGE_STANDARD = "gnu++20";
				CLANG_ENABLE_MODULES = YES;
				CLANG_ENABLE_OBJC_ARC = YES;
				CLANG_ENABLE_OBJC_WEAK = YES;
				CLANG_WARN_BLOCK_CAPTURE_AUTORELEASING = YES;
				CLANG_WARN_BOOL_CONVERSION = YES;
				CLANG_WARN_COMMA = YES;
				CLANG_WARN_CONSTANT_CONVERSION = YES;
				CLANG_WARN_DEPRECATED_OBJC_IMPLEMENTATIONS = YES;
				CLANG_WARN_DIRECT_OBJC_ISA_USAGE = YES_ERROR;
				CLANG_WARN_DOCUMENTATION_COMMENTS = YES;
				CLANG_WARN_EMPTY_BODY = YES;
				CLANG_WARN_ENUM_CONVERSION = YES;
				CLANG_WARN_INFINITE_RECURSION = YES;
				CLANG_WARN_INT_CONVERSION = YES;
				CLANG_WARN_NON_LITERAL_NULL_CONVERSION = YES;
				CLANG_WARN_OBJC_IMPLICIT_RETAIN_SELF = YES;
				CLANG_WARN_OBJC_LITERAL_CONVERSION = YES;
				CLANG_WARN_OBJC_ROOT_CLASS = YES_ERROR;
				CLANG_WARN_QUOTED_INCLUDE_IN_FRAMEWORK_HEADER = YES;
				CLANG_WARN_RANGE_LOOP_ANALYSIS = YES;
				CLANG_WARN_STRICT_PROTOTYPES = YES;
				CLANG_WARN_SUSPICIOUS_MOVE = YES;
				CLANG_WARN_UNGUARDED_AVAILABILITY = YES_AGGRESSIVE;
				CLANG_WARN_UNREACHABLE_CODE = YES;
				CLANG_WARN__DUPLICATE_METHOD_MATCH = YES;
				COPY_PHASE_STRIP = NO;
				DEBUG_INFORMATION_FORMAT = "dwarf-with-dsym";
				ENABLE_NS_ASSERTIONS = NO;
				ENABLE_STRICT_OBJC_MSGSEND = YES;
				ENABLE_USER_SCRIPT_SANDBOXING = YES;
				GCC_C_LANGUAGE_STANDARD = gnu17;
				GCC_NO_COMMON_BLOCKS = YES;
				GCC_WARN_64_TO_32_BIT_CONVERSION = YES;
				GCC_WARN_ABOUT_RETURN_TYPE = YES_ERROR;
				GCC_WARN_UNDECLARED_SELECTOR = YES;
				GCC_WARN_UNINITIALIZED_AUTOS = YES_AGGRESSIVE;
				GCC_WARN_UNUSED_FUNCTION = YES;
				GCC_WARN_UNUSED_VARIABLE = YES;
				IPHONEOS_DEPLOYMENT_TARGET = 17.5;
				LOCALIZATION_PREFERS_STRING_CATALOGS = YES;
				MTL_ENABLE_DEBUG_INFO = NO;
				MTL_FAST_MATH = YES;
				SDKROOT = iphoneos;
				SWIFT_COMPILATION_MODE = wholemodule;
				VALIDATE_PRODUCT = YES;
			};
			name = Release;
		};
		BDEB2B902C179BAA00F3017A /* Debug */ = {
			isa = XCBuildConfiguration;
			buildSettings = {
				ASSETCATALOG_COMPILER_APPICON_NAME = AppIcon;
				ASSETCATALOG_COMPILER_GLOBAL_ACCENT_COLOR_NAME = AccentColor;
				CODE_SIGN_STYLE = Automatic;
				CURRENT_PROJECT_VERSION = 1;
				DEVELOPMENT_ASSET_PATHS = "\"swiftStarter/Preview Content\"";
				DEVELOPMENT_TEAM = 768L5B6S2M;
				ENABLE_PREVIEWS = YES;
				GENERATE_INFOPLIST_FILE = YES;
				INFOPLIST_KEY_CFBundleDisplayName = swiftStarter;
				INFOPLIST_KEY_UIApplicationSceneManifest_Generation = YES;
				INFOPLIST_KEY_UIApplicationSupportsIndirectInputEvents = YES;
				INFOPLIST_KEY_UILaunchScreen_Generation = YES;
				INFOPLIST_KEY_UISupportedInterfaceOrientations_iPad = "UIInterfaceOrientationPortrait UIInterfaceOrientationPortraitUpsideDown UIInterfaceOrientationLandscapeLeft UIInterfaceOrientationLandscapeRight";
				INFOPLIST_KEY_UISupportedInterfaceOrientations_iPhone = "UIInterfaceOrientationPortrait UIInterfaceOrientationLandscapeLeft UIInterfaceOrientationLandscapeRight";
				IPHONEOS_DEPLOYMENT_TARGET = 17.0;
				LD_RUNPATH_SEARCH_PATHS = (
					"$(inherited)",
					"@executable_path/Frameworks",
				);
				MARKETING_VERSION = 1.0;
				PRODUCT_BUNDLE_IDENTIFIER = dev.leomagtibay.swiftStarter;
				PRODUCT_NAME = "$(TARGET_NAME)";
				SWIFT_EMIT_LOC_STRINGS = YES;
				SWIFT_VERSION = 5.0;
				TARGETED_DEVICE_FAMILY = "1,2";
			};
			name = Debug;
		};
		BDEB2B912C179BAA00F3017A /* Release */ = {
			isa = XCBuildConfiguration;
			buildSettings = {
				ASSETCATALOG_COMPILER_APPICON_NAME = AppIcon;
				ASSETCATALOG_COMPILER_GLOBAL_ACCENT_COLOR_NAME = AccentColor;
				CODE_SIGN_STYLE = Automatic;
				CURRENT_PROJECT_VERSION = 1;
				DEVELOPMENT_ASSET_PATHS = "\"swiftStarter/Preview Content\"";
				DEVELOPMENT_TEAM = 768L5B6S2M;
				ENABLE_PREVIEWS = YES;
				GENERATE_INFOPLIST_FILE = YES;
				INFOPLIST_KEY_CFBundleDisplayName = swiftStarter;
				INFOPLIST_KEY_UIApplicationSceneManifest_Generation = YES;
				INFOPLIST_KEY_UIApplicationSupportsIndirectInputEvents = YES;
				INFOPLIST_KEY_UILaunchScreen_Generation = YES;
				INFOPLIST_KEY_UISupportedInterfaceOrientations_iPad = "UIInterfaceOrientationPortrait UIInterfaceOrientationPortraitUpsideDown UIInterfaceOrientationLandscapeLeft UIInterfaceOrientationLandscapeRight";
				INFOPLIST_KEY_UISupportedInterfaceOrientations_iPhone = "UIInterfaceOrientationPortrait UIInterfaceOrientationLandscapeLeft UIInterfaceOrientationLandscapeRight";
				IPHONEOS_DEPLOYMENT_TARGET = 17.0;
				LD_RUNPATH_SEARCH_PATHS = (
					"$(inherited)",
					"@executable_path/Frameworks",
				);
				MARKETING_VERSION = 1.0;
				PRODUCT_BUNDLE_IDENTIFIER = dev.leomagtibay.swiftStarter;
				PRODUCT_NAME = "$(TARGET_NAME)";
				SWIFT_EMIT_LOC_STRINGS = YES;
				SWIFT_VERSION = 5.0;
				TARGETED_DEVICE_FAMILY = "1,2";
			};
			name = Release;
		};
/* End XCBuildConfiguration section */

/* Begin XCConfigurationList section */
		BDEB2B7C2C179BA800F3017A /* Build configuration list for PBXProject "swiftStarter" */ = {
			isa = XCConfigurationList;
			buildConfigurations = (
				BDEB2B8D2C179BAA00F3017A /* Debug */,
				BDEB2B8E2C179BAA00F3017A /* Release */,
			);
			defaultConfigurationIsVisible = 0;
			defaultConfigurationName = Release;
		};
		BDEB2B8F2C179BAA00F3017A /* Build configuration list for PBXNativeTarget "swiftStarter" */ = {
			isa = XCConfigurationList;
			buildConfigurations = (
				BDEB2B902C179BAA00F3017A /* Debug */,
				BDEB2B912C179BAA00F3017A /* Release */,
			);
			defaultConfigurationIsVisible = 0;
			defaultConfigurationName = Release;
		};
/* End XCConfigurationList section */
	};
	rootObject = BDEB2B792C179BA800F3017A /* Project object */;
}
